
Microsoft Visual Studio Solution File, Format Version 12.00
# Visual Studio Version 17
VisualStudioVersion = 17.2.32505.173
MinimumVisualStudioVersion = 10.0.40219.1
Project("{FAE04EC0-301F-11D3-BF4B-00C04F79EFBC}") = "ProbabilityCalculation", "ProbabilityCalculation.csproj", "{C0AF5A56-8DFC-4F10-B476-C6DF17ADFE8B}"
EndProject
Global
	GlobalSection(SolutionConfigurationPlatforms) = preSolution
		Debug|Any CPU = Debug|Any CPU
		Release|Any CPU = Release|Any CPU
	EndGlobalSection
	GlobalSection(ProjectConfigurationPlatforms) = postSolution
		{C0AF5A56-8DFC-4F10-B476-C6DF17ADFE8B}.Debug|Any CPU.ActiveCfg = Debug|Any CPU
		{C0AF5A56-8DFC-4F10-B476-C6DF17ADFE8B}.Debug|Any CPU.Build.0 = Debug|Any CPU
		{C0AF5A56-8DFC-4F10-B476-C6DF17ADFE8B}.Release|Any CPU.ActiveCfg = Release|Any CPU
		{C0AF5A56-8DFC-4F10-B476-C6DF17ADFE8B}.Release|Any CPU.Build.0 = Release|Any CPU
	EndGlobalSection
	GlobalSection(SolutionProperties) = preSolution
		HideSolutionNode = FALSE
	EndGlobalSection
	GlobalSection(ExtensibilityGlobals) = postSolution
		SolutionGuid = {AE85E7CE-DCB6-4562-9391-7FD2E16380E3}
	EndGlobalSection
EndGlobal
